
Microsoft Visual Studio Solution File, Format Version 12.00
# Visual Studio 15
VisualStudioVersion = 15.0.26730.3
MinimumVisualStudioVersion = 10.0.40219.1
Project("{2150E333-8FDC-42A3-9474-1A3956D46DE8}") = "test", "test", "{B3170ACA-0EDE-4B66-96A0-62FB97AACAC0}"
EndProject
Project("{2150E333-8FDC-42A3-9474-1A3956D46DE8}") = "samples", "samples", "{008E9135-77B8-4BEA-BE67-386C8B8D69F8}"
EndProject
Project("{9A19103F-16F7-4668-BE54-9A1E7A4F7556}") = "Silverpop.Client", "src\Silverpop.Client\Silverpop.Client.csproj", "{A5861D5D-5E30-4249-86DD-55E6E8015AE7}"
EndProject
Project("{9A19103F-16F7-4668-BE54-9A1E7A4F7556}") = "Silverpop.Core", "src\Silverpop.Core\Silverpop.Core.csproj", "{5DD447CF-3DE4-4B8B-9745-748693B23BAD}"
EndProject
Project("{9A19103F-16F7-4668-BE54-9A1E7A4F7556}") = "Silverpop.Core.Performance", "test\Silverpop.Core.Performance\Silverpop.Core.Performance.csproj", "{9C446D54-4664-4CFD-8C5A-88615EF0E655}"
EndProject
Project("{9A19103F-16F7-4668-BE54-9A1E7A4F7556}") = "Silverpop.Core.Tests", "test\Silverpop.Core.Tests\Silverpop.Core.Tests.csproj", "{16064C5E-BA44-43E5-BE39-05326D6D092E}"
EndProject
Project("{9A19103F-16F7-4668-BE54-9A1E7A4F7556}") = "Silverpop.Client.Tester", "samples\Silverpop.Client.Tester\Silverpop.Client.Tester.csproj", "{49E2BA2F-CC63-4060-8544-983DC7A50F82}"
EndProject
Project("{9A19103F-16F7-4668-BE54-9A1E7A4F7556}") = "Silverpop.Client.WebTester", "samples\Silverpop.Client.WebTester\Silverpop.Client.WebTester.csproj", "{48CF8A55-E000-4132-913F-ECD98E0975D2}"
EndProject
Project("{9A19103F-16F7-4668-BE54-9A1E7A4F7556}") = "Silverpop.Client.Tests", "test\Silverpop.Client.Tests\Silverpop.Client.Tests.csproj", "{E2220A64-6C89-4B3F-9E1E-BD78AF1CA8B8}"
EndProject
Project("{9A19103F-16F7-4668-BE54-9A1E7A4F7556}") = "Silverpop.Client.WebTester.Tests", "test\Silverpop.Client.WebTester.Tests\Silverpop.Client.WebTester.Tests.csproj", "{0591CE71-EFD3-41C8-A828-E956B7954FBC}"
EndProject
Global
	GlobalSection(SolutionConfigurationPlatforms) = preSolution
		Debug|Any CPU = Debug|Any CPU
		Release|Any CPU = Release|Any CPU
	EndGlobalSection
	GlobalSection(ProjectConfigurationPlatforms) = postSolution
		{A5861D5D-5E30-4249-86DD-55E6E8015AE7}.Debug|Any CPU.ActiveCfg = Debug|Any CPU
		{A5861D5D-5E30-4249-86DD-55E6E8015AE7}.Debug|Any CPU.Build.0 = Debug|Any CPU
		{A5861D5D-5E30-4249-86DD-55E6E8015AE7}.Release|Any CPU.ActiveCfg = Release|Any CPU
		{A5861D5D-5E30-4249-86DD-55E6E8015AE7}.Release|Any CPU.Build.0 = Release|Any CPU
		{5DD447CF-3DE4-4B8B-9745-748693B23BAD}.Debug|Any CPU.ActiveCfg = Debug|Any CPU
		{5DD447CF-3DE4-4B8B-9745-748693B23BAD}.Debug|Any CPU.Build.0 = Debug|Any CPU
		{5DD447CF-3DE4-4B8B-9745-748693B23BAD}.Release|Any CPU.ActiveCfg = Release|Any CPU
		{5DD447CF-3DE4-4B8B-9745-748693B23BAD}.Release|Any CPU.Build.0 = Release|Any CPU
		{9C446D54-4664-4CFD-8C5A-88615EF0E655}.Debug|Any CPU.ActiveCfg = Debug|Any CPU
		{9C446D54-4664-4CFD-8C5A-88615EF0E655}.Debug|Any CPU.Build.0 = Debug|Any CPU
		{9C446D54-4664-4CFD-8C5A-88615EF0E655}.Release|Any CPU.ActiveCfg = Release|Any CPU
		{9C446D54-4664-4CFD-8C5A-88615EF0E655}.Release|Any CPU.Build.0 = Release|Any CPU
		{16064C5E-BA44-43E5-BE39-05326D6D092E}.Debug|Any CPU.ActiveCfg = Debug|Any CPU
		{16064C5E-BA44-43E5-BE39-05326D6D092E}.Debug|Any CPU.Build.0 = Debug|Any CPU
		{16064C5E-BA44-43E5-BE39-05326D6D092E}.Release|Any CPU.ActiveCfg = Release|Any CPU
		{16064C5E-BA44-43E5-BE39-05326D6D092E}.Release|Any CPU.Build.0 = Release|Any CPU
		{49E2BA2F-CC63-4060-8544-983DC7A50F82}.Debug|Any CPU.ActiveCfg = Debug|Any CPU
		{49E2BA2F-CC63-4060-8544-983DC7A50F82}.Debug|Any CPU.Build.0 = Debug|Any CPU
		{49E2BA2F-CC63-4060-8544-983DC7A50F82}.Release|Any CPU.ActiveCfg = Release|Any CPU
		{49E2BA2F-CC63-4060-8544-983DC7A50F82}.Release|Any CPU.Build.0 = Release|Any CPU
		{48CF8A55-E000-4132-913F-ECD98E0975D2}.Debug|Any CPU.ActiveCfg = Debug|Any CPU
		{48CF8A55-E000-4132-913F-ECD98E0975D2}.Debug|Any CPU.Build.0 = Debug|Any CPU
		{48CF8A55-E000-4132-913F-ECD98E0975D2}.Release|Any CPU.ActiveCfg = Release|Any CPU
		{48CF8A55-E000-4132-913F-ECD98E0975D2}.Release|Any CPU.Build.0 = Release|Any CPU
		{E2220A64-6C89-4B3F-9E1E-BD78AF1CA8B8}.Debug|Any CPU.ActiveCfg = Debug|Any CPU
		{E2220A64-6C89-4B3F-9E1E-BD78AF1CA8B8}.Debug|Any CPU.Build.0 = Debug|Any CPU
		{E2220A64-6C89-4B3F-9E1E-BD78AF1CA8B8}.Release|Any CPU.ActiveCfg = Release|Any CPU
		{E2220A64-6C89-4B3F-9E1E-BD78AF1CA8B8}.Release|Any CPU.Build.0 = Release|Any CPU
		{0591CE71-EFD3-41C8-A828-E956B7954FBC}.Debug|Any CPU.ActiveCfg = Debug|Any CPU
		{0591CE71-EFD3-41C8-A828-E956B7954FBC}.Debug|Any CPU.Build.0 = Debug|Any CPU
		{0591CE71-EFD3-41C8-A828-E956B7954FBC}.Release|Any CPU.ActiveCfg = Release|Any CPU
		{0591CE71-EFD3-41C8-A828-E956B7954FBC}.Release|Any CPU.Build.0 = Release|Any CPU
	EndGlobalSection
	GlobalSection(SolutionProperties) = preSolution
		HideSolutionNode = FALSE
	EndGlobalSection
	GlobalSection(NestedProjects) = preSolution
		{9C446D54-4664-4CFD-8C5A-88615EF0E655} = {B3170ACA-0EDE-4B66-96A0-62FB97AACAC0}
		{16064C5E-BA44-43E5-BE39-05326D6D092E} = {B3170ACA-0EDE-4B66-96A0-62FB97AACAC0}
		{49E2BA2F-CC63-4060-8544-983DC7A50F82} = {008E9135-77B8-4BEA-BE67-386C8B8D69F8}
		{48CF8A55-E000-4132-913F-ECD98E0975D2} = {008E9135-77B8-4BEA-BE67-386C8B8D69F8}
		{E2220A64-6C89-4B3F-9E1E-BD78AF1CA8B8} = {B3170ACA-0EDE-4B66-96A0-62FB97AACAC0}
		{0591CE71-EFD3-41C8-A828-E956B7954FBC} = {B3170ACA-0EDE-4B66-96A0-62FB97AACAC0}
	EndGlobalSection
	GlobalSection(ExtensibilityGlobals) = postSolution
		SolutionGuid = {25C26291-5980-4C75-B70B-310E85CCC358}
	EndGlobalSection
EndGlobal
